
Microsoft Visual Studio Solution File, Format Version 12.00
# Visual Studio Version 17
VisualStudioVersion = 17.2.32630.192
MinimumVisualStudioVersion = 10.0.40219.1
Project("{FAE04EC0-301F-11D3-BF4B-00C04F79EFBC}") = "Car Adverts Portal", "Car Adverts Portal\Car Adverts Portal.csproj", "{4D39C4FB-927A-4D78-B123-D071D7D2D5CC}"
EndProject
Project("{00D1A9C2-B5F0-4AF3-8072-F6C62B433612}") = "Sales Portal", "Sales Portal\Sales Portal.sqlproj", "{E8CC3FD9-2EF1-4D2E-990B-879AE8420B75}"
EndProject
Global
	GlobalSection(SolutionConfigurationPlatforms) = preSolution
		Debug|Any CPU = Debug|Any CPU
		Release|Any CPU = Release|Any CPU
	EndGlobalSection
	GlobalSection(ProjectConfigurationPlatforms) = postSolution
		{4D39C4FB-927A-4D78-B123-D071D7D2D5CC}.Debug|Any CPU.ActiveCfg = Debug|Any CPU
		{4D39C4FB-927A-4D78-B123-D071D7D2D5CC}.Debug|Any CPU.Build.0 = Debug|Any CPU
		{4D39C4FB-927A-4D78-B123-D071D7D2D5CC}.Release|Any CPU.ActiveCfg = Release|Any CPU
		{4D39C4FB-927A-4D78-B123-D071D7D2D5CC}.Release|Any CPU.Build.0 = Release|Any CPU
		{E8CC3FD9-2EF1-4D2E-990B-879AE8420B75}.Debug|Any CPU.ActiveCfg = Debug|Any CPU
		{E8CC3FD9-2EF1-4D2E-990B-879AE8420B75}.Debug|Any CPU.Build.0 = Debug|Any CPU
		{E8CC3FD9-2EF1-4D2E-990B-879AE8420B75}.Debug|Any CPU.Deploy.0 = Debug|Any CPU
		{E8CC3FD9-2EF1-4D2E-990B-879AE8420B75}.Release|Any CPU.ActiveCfg = Release|Any CPU
		{E8CC3FD9-2EF1-4D2E-990B-879AE8420B75}.Release|Any CPU.Build.0 = Release|Any CPU
		{E8CC3FD9-2EF1-4D2E-990B-879AE8420B75}.Release|Any CPU.Deploy.0 = Release|Any CPU
	EndGlobalSection
	GlobalSection(SolutionProperties) = preSolution
		HideSolutionNode = FALSE
	EndGlobalSection
	GlobalSection(ExtensibilityGlobals) = postSolution
		SolutionGuid = {12E5AAA9-E32D-4D42-9A6A-CAB348D419B7}
	EndGlobalSection
EndGlobal
